PODS:
  - Capacitor (6.1.0):
    - CapacitorCordova
  - CapacitorCordova (6.1.0)
  - CapacitorNetwork (6.0.1):
    - Capacitor
  - CapacitorScreenOrientation (6.0.1):
    - Capacitor
  - CapacitorStatusBar (6.0.0):
    - Capacitor

DEPENDENCIES:
  - "Capacitor (from `../../node_modules/@capacitor/ios`)"
  - "CapacitorCordova (from `../../node_modules/@capacitor/ios`)"
  - "CapacitorNetwork (from `../../node_modules/@capacitor/network`)"
  - "CapacitorScreenOrientation (from `../../node_modules/@capacitor/screen-orientation`)"
  - "CapacitorStatusBar (from `../../node_modules/@capacitor/status-bar`)"

EXTERNAL SOURCES:
  Capacitor:
    :path: "../../node_modules/@capacitor/ios"
  CapacitorCordova:
    :path: "../../node_modules/@capacitor/ios"
  CapacitorNetwork:
    :path: "../../node_modules/@capacitor/network"
  CapacitorScreenOrientation:
    :path: "../../node_modules/@capacitor/screen-orientation"
  CapacitorStatusBar:
    :path: "../../node_modules/@capacitor/status-bar"

SPEC CHECKSUMS:
  Capacitor: 187bd7847b6f71467015a20200a1a071be3e5f14
  CapacitorCordova: be703980ca797f847c3356f78fa175d21c8330c2
  CapacitorNetwork: 5c94acfdddc22043f2ffaff224ce9b4aa5a179f0
  CapacitorScreenOrientation: 3d4965dcbda5d901b6a48350a5d270ad7d404e05
  CapacitorStatusBar: 2e4369f99166125435641b1908d05f561eaba6f6

PODFILE CHECKSUM: 9b4d1f5be2b16e51805a50b8afab758d4eeb768f

COCOAPODS: 1.15.2
